
Microsoft Visual Studio Solution File, Format Version 12.00
Project("{FAE04EC0-301F-11D3-BF4B-00C04F79EFBC}") = "DynamicJobRunnerApp", "DynamicJobRunnerApp\DynamicJobRunnerApp.csproj", "{90814B52-FF62-4AB5-869D-FE1C6C60F39E}"
EndProject
Global
	GlobalSection(SolutionConfigurationPlatforms) = preSolution
		Debug|Any CPU = Debug|Any CPU
		Release|Any CPU = Release|Any CPU
	EndGlobalSection
	GlobalSection(ProjectConfigurationPlatforms) = postSolution
		{90814B52-FF62-4AB5-869D-FE1C6C60F39E}.Debug|Any CPU.ActiveCfg = Debug|Any CPU
		{90814B52-FF62-4AB5-869D-FE1C6C60F39E}.Debug|Any CPU.Build.0 = Debug|Any CPU
		{90814B52-FF62-4AB5-869D-FE1C6C60F39E}.Release|Any CPU.ActiveCfg = Release|Any CPU
		{90814B52-FF62-4AB5-869D-FE1C6C60F39E}.Release|Any CPU.Build.0 = Release|Any CPU
	EndGlobalSection
EndGlobal
